
Microsoft Visual Studio Solution File, Format Version 12.00
# Visual Studio Version 17
VisualStudioVersion = 17.3.32811.315
MinimumVisualStudioVersion = 10.0.40219.1
Project("{FAE04EC0-301F-11D3-BF4B-00C04F79EFBC}") = "FrameworkLesson_4", "FrameworkLesson_4.csproj", "{4B6B2E0A-F097-439E-AFDD-4087FDB49EC2}"
EndProject
Global
	GlobalSection(SolutionConfigurationPlatforms) = preSolution
		Debug|Any CPU = Debug|Any CPU
		Release|Any CPU = Release|Any CPU
	EndGlobalSection
	GlobalSection(ProjectConfigurationPlatforms) = postSolution
		{4B6B2E0A-F097-439E-AFDD-4087FDB49EC2}.Debug|Any CPU.ActiveCfg = Debug|Any CPU
		{4B6B2E0A-F097-439E-AFDD-4087FDB49EC2}.Debug|Any CPU.Build.0 = Debug|Any CPU
		{4B6B2E0A-F097-439E-AFDD-4087FDB49EC2}.Release|Any CPU.ActiveCfg = Release|Any CPU
		{4B6B2E0A-F097-439E-AFDD-4087FDB49EC2}.Release|Any CPU.Build.0 = Release|Any CPU
	EndGlobalSection
	GlobalSection(SolutionProperties) = preSolution
		HideSolutionNode = FALSE
	EndGlobalSection
	GlobalSection(ExtensibilityGlobals) = postSolution
		SolutionGuid = {AED20C0E-7382-412E-A553-3BD1004037C6}
	EndGlobalSection
EndGlobal
